
Microsoft Visual Studio Solution File, Format Version 12.00
# Visual Studio Version 16
VisualStudioVersion = 16.0.30330.147
MinimumVisualStudioVersion = 10.0.40219.1
Project("{FAE04EC0-301F-11D3-BF4B-00C04F79EFBC}") = "UpdateFilePaths", "UpdateFilePaths.csproj", "{CC0EA9D8-7F0C-42A5-B36B-4A79FA882CFF}"
EndProject
Global
	GlobalSection(SolutionConfigurationPlatforms) = preSolution
		Debug|Any CPU = Debug|Any CPU
		Release|Any CPU = Release|Any CPU
	EndGlobalSection
	GlobalSection(ProjectConfigurationPlatforms) = postSolution
		{CC0EA9D8-7F0C-42A5-B36B-4A79FA882CFF}.Debug|Any CPU.ActiveCfg = Debug|Any CPU
		{CC0EA9D8-7F0C-42A5-B36B-4A79FA882CFF}.Debug|Any CPU.Build.0 = Debug|Any CPU
		{CC0EA9D8-7F0C-42A5-B36B-4A79FA882CFF}.Release|Any CPU.ActiveCfg = Release|Any CPU
		{CC0EA9D8-7F0C-42A5-B36B-4A79FA882CFF}.Release|Any CPU.Build.0 = Release|Any CPU
	EndGlobalSection
	GlobalSection(SolutionProperties) = preSolution
		HideSolutionNode = FALSE
	EndGlobalSection
	GlobalSection(ExtensibilityGlobals) = postSolution
		SolutionGuid = {4D8DDE8D-5EE8-4F24-AC82-C01D8DB6B651}
	EndGlobalSection
EndGlobal
